// !$*UTF8*$!
{
	archiveVersion = 1;
	classes = {
	};
	objectVersion = 46;
	objects = {

/* Begin PBXBuildFile section */
		5809BC711B4E60D1007D7C0D /* MainMenu.xib in Resources */ = {isa = PBXBuildFile; fileRef = 5809BC701B4E60D1007D7C0D /* MainMenu.xib */; };
		5809BC751B4E620D007D7C0D /* icon.tiff in Resources */ = {isa = PBXBuildFile; fileRef = 5809BC741B4E620D007D7C0D /* icon.tiff */; };
		5809BC781B4E731B007D7C0D /* main.swift in Sources */ = {isa = PBXBuildFile; fileRef = 5809BC771B4E731B007D7C0D /* main.swift */; };
		5849DBC41B5CE39100531DF1 /* AppKit.framework in Frameworks */ = {isa = PBXBuildFile; fileRef = 5849DBC31B5CE39100531DF1 /* AppKit.framework */; };
		5849DBC61B5CE39600531DF1 /* Foundation.framework in Frameworks */ = {isa = PBXBuildFile; fileRef = 5849DBC51B5CE39600531DF1 /* Foundation.framework */; };
		5864530C1B5CB11D00725EC1 /* InputMethodKit.framework in Frameworks */ = {isa = PBXBuildFile; fileRef = 5864530B1B5CB11D00725EC1 /* InputMethodKit.framework */; };
		5864530E1B5CB12900725EC1 /* Cocoa.framework in Frameworks */ = {isa = PBXBuildFile; fileRef = 5864530D1B5CB12900725EC1 /* Cocoa.framework */; };
		5864530F1B5CBFEA00725EC1 /* SatakeInput-Info.plist in Resources */ = {isa = PBXBuildFile; fileRef = 587E45081B4E5D70009F0E04 /* SatakeInput-Info.plist */; };
		587E450A1B4E5D70009F0E04 /* AppDelegate.swift in Sources */ = {isa = PBXBuildFile; fileRef = 587E45091B4E5D70009F0E04 /* AppDelegate.swift */; };
		587E450C1B4E5D70009F0E04 /* ViewController.swift in Sources */ = {isa = PBXBuildFile; fileRef = 587E450B1B4E5D70009F0E04 /* ViewController.swift */; };
		587E450E1B4E5D70009F0E04 /* Images.xcassets in Resources */ = {isa = PBXBuildFile; fileRef = 587E450D1B4E5D70009F0E04 /* Images.xcassets */; };
		587E451D1B4E5D70009F0E04 /* SatakeInputTests.swift in Sources */ = {isa = PBXBuildFile; fileRef = 587E451C1B4E5D70009F0E04 /* SatakeInputTests.swift */; };
		587E45281B4E5F9E009F0E04 /* SatakeInputController.swift in Sources */ = {isa = PBXBuildFile; fileRef = 587E45271B4E5F9E009F0E04 /* SatakeInputController.swift */; };
/* End PBXBuildFile section */

/* Begin PBXContainerItemProxy section */
		587E45171B4E5D70009F0E04 /* PBXContainerItemProxy */ = {
			isa = PBXContainerItemProxy;
			containerPortal = 587E44FC1B4E5D70009F0E04 /* Project object */;
			proxyType = 1;
			remoteGlobalIDString = 587E45031B4E5D70009F0E04;
			remoteInfo = SatakeInput;
		};
/* End PBXContainerItemProxy section */

/* Begin PBXFileReference section */
		5809BC701B4E60D1007D7C0D /* MainMenu.xib */ = {isa = PBXFileReference; fileEncoding = 4; lastKnownFileType = file.xib; path = MainMenu.xib; sourceTree = "<group>"; };
		5809BC741B4E620D007D7C0D /* icon.tiff */ = {isa = PBXFileReference; lastKnownFileType = image.tiff; name = icon.tiff; path = ../../SatakeNumberInput/SatakeNumberInput/icon.tiff; sourceTree = "<group>"; };
		5809BC771B4E731B007D7C0D /* main.swift */ = {isa = PBXFileReference; fileEncoding = 4; lastKnownFileType = sourcecode.swift; path = main.swift; sourceTree = "<group>"; };
		5849DBC31B5CE39100531DF1 /* AppKit.framework */ = {isa = PBXFileReference; lastKnownFileType = wrapper.framework; name = AppKit.framework; path = System/Library/Frameworks/AppKit.framework; sourceTree = SDKROOT; };
		5849DBC51B5CE39600531DF1 /* Foundation.framework */ = {isa = PBXFileReference; lastKnownFileType = wrapper.framework; name = Foundation.framework; path = System/Library/Frameworks/Foundation.framework; sourceTree = SDKROOT; };
		5864530B1B5CB11D00725EC1 /* InputMethodKit.framework */ = {isa = PBXFileReference; lastKnownFileType = wrapper.framework; name = InputMethodKit.framework; path = System/Library/Frameworks/InputMethodKit.framework; sourceTree = SDKROOT; };
		5864530D1B5CB12900725EC1 /* Cocoa.framework */ = {isa = PBXFileReference; lastKnownFileType = wrapper.framework; name = Cocoa.framework; path = System/Library/Frameworks/Cocoa.framework; sourceTree = SDKROOT; };
		587E45041B4E5D70009F0E04 /* SatakeInput.app */ = {isa = PBXFileReference; explicitFileType = wrapper.application; includeInIndex = 0; path = SatakeInput.app; sourceTree = BUILT_PRODUCTS_DIR; };
		587E45081B4E5D70009F0E04 /* SatakeInput-Info.plist */ = {isa = PBXFileReference; lastKnownFileType = text.plist.xml; path = "SatakeInput-Info.plist"; sourceTree = "<group>"; };
		587E45091B4E5D70009F0E04 /* AppDelegate.swift */ = {isa = PBXFileReference; lastKnownFileType = sourcecode.swift; path = AppDelegate.swift; sourceTree = "<group>"; };
		587E450B1B4E5D70009F0E04 /* ViewController.swift */ = {isa = PBXFileReference; lastKnownFileType = sourcecode.swift; path = ViewController.swift; sourceTree = "<group>"; };
		587E450D1B4E5D70009F0E04 /* Images.xcassets */ = {isa = PBXFileReference; lastKnownFileType = folder.assetcatalog; path = Images.xcassets; sourceTree = "<group>"; };
		587E45161B4E5D70009F0E04 /* SatakeInputTests.xctest */ = {isa = PBXFileReference; explicitFileType = wrapper.cfbundle; includeInIndex = 0; path = SatakeInputTests.xctest; sourceTree = BUILT_PRODUCTS_DIR; };
		587E451B1B4E5D70009F0E04 /* Info.plist */ = {isa = PBXFileReference; lastKnownFileType = text.plist.xml; path = Info.plist; sourceTree = "<group>"; };
		587E451C1B4E5D70009F0E04 /* SatakeInputTests.swift */ = {isa = PBXFileReference; lastKnownFileType = sourcecode.swift; path = SatakeInputTests.swift; sourceTree = "<group>"; };
		587E45271B4E5F9E009F0E04 /* SatakeInputController.swift */ = {isa = PBXFileReference; fileEncoding = 4; lastKnownFileType = sourcecode.swift; path = SatakeInputController.swift; sourceTree = "<group>"; };
/* End PBXFileReference section */

/* Begin PBXFrameworksBuildPhase section */
		587E45011B4E5D70009F0E04 /* Frameworks */ = {
			isa = PBXFrameworksBuildPhase;
			buildActionMask = 2147483647;
			files = (
				5849DBC61B5CE39600531DF1 /* Foundation.framework in Frameworks */,
				5849DBC41B5CE39100531DF1 /* AppKit.framework in Frameworks */,
				5864530E1B5CB12900725EC1 /* Cocoa.framework in Frameworks */,
				5864530C1B5CB11D00725EC1 /* InputMethodKit.framework in Frameworks */,
			);
			runOnlyForDeploymentPostprocessing = 0;
		};
		587E45131B4E5D70009F0E04 /* Frameworks */ = {
			isa = PBXFrameworksBuildPhase;
			buildActionMask = 2147483647;
			files = (
			);
			runOnlyForDeploymentPostprocessing = 0;
		};
/* End PBXFrameworksBuildPhase section */

/* Begin PBXGroup section */
		587E44FB1B4E5D70009F0E04 = {
			isa = PBXGroup;
			children = (
				5849DBC51B5CE39600531DF1 /* Foundation.framework */,
				5849DBC31B5CE39100531DF1 /* AppKit.framework */,
				5864530D1B5CB12900725EC1 /* Cocoa.framework */,
				5864530B1B5CB11D00725EC1 /* InputMethodKit.framework */,
				587E45061B4E5D70009F0E04 /* SatakeInput */,
				587E45191B4E5D70009F0E04 /* SatakeInputTests */,
				587E45051B4E5D70009F0E04 /* Products */,
			);
			sourceTree = "<group>";
		};
		587E45051B4E5D70009F0E04 /* Products */ = {
			isa = PBXGroup;
			children = (
				587E45041B4E5D70009F0E04 /* SatakeInput.app */,
				587E45161B4E5D70009F0E04 /* SatakeInputTests.xctest */,
			);
			name = Products;
			sourceTree = "<group>";
		};
		587E45061B4E5D70009F0E04 /* SatakeInput */ = {
			isa = PBXGroup;
			children = (
				587E45091B4E5D70009F0E04 /* AppDelegate.swift */,
				587E45271B4E5F9E009F0E04 /* SatakeInputController.swift */,
				5809BC771B4E731B007D7C0D /* main.swift */,
				5809BC701B4E60D1007D7C0D /* MainMenu.xib */,
				587E450B1B4E5D70009F0E04 /* ViewController.swift */,
				5809BC741B4E620D007D7C0D /* icon.tiff */,
				587E450D1B4E5D70009F0E04 /* Images.xcassets */,
				587E45071B4E5D70009F0E04 /* Supporting Files */,
			);
			path = SatakeInput;
			sourceTree = "<group>";
		};
		587E45071B4E5D70009F0E04 /* Supporting Files */ = {
			isa = PBXGroup;
			children = (
				587E45081B4E5D70009F0E04 /* SatakeInput-Info.plist */,
			);
			name = "Supporting Files";
			sourceTree = "<group>";
		};
		587E45191B4E5D70009F0E04 /* SatakeInputTests */ = {
			isa = PBXGroup;
			children = (
				587E451C1B4E5D70009F0E04 /* SatakeInputTests.swift */,
				587E451A1B4E5D70009F0E04 /* Supporting Files */,
			);
			path = SatakeInputTests;
			sourceTree = "<group>";
		};
		587E451A1B4E5D70009F0E04 /* Supporting Files */ = {
			isa = PBXGroup;
			children = (
				587E451B1B4E5D70009F0E04 /* Info.plist */,
			);
			name = "Supporting Files";
			sourceTree = "<group>";
		};
/* End PBXGroup section */

/* Begin PBXNativeTarget section */
		587E45031B4E5D70009F0E04 /* SatakeInput */ = {
			isa = PBXNativeTarget;
			buildConfigurationList = 587E45201B4E5D70009F0E04 /* Build configuration list for PBXNativeTarget "SatakeInput" */;
			buildPhases = (
				587E45001B4E5D70009F0E04 /* Sources */,
				587E45011B4E5D70009F0E04 /* Frameworks */,
				587E45021B4E5D70009F0E04 /* Resources */,
				587E45261B4E5E74009F0E04 /* ShellScript */,
			);
			buildRules = (
			);
			dependencies = (
			);
			name = SatakeInput;
			productName = SatakeInput;
			productReference = 587E45041B4E5D70009F0E04 /* SatakeInput.app */;
			productType = "com.apple.product-type.application";
		};
		587E45151B4E5D70009F0E04 /* SatakeInputTests */ = {
			isa = PBXNativeTarget;
			buildConfigurationList = 587E45231B4E5D70009F0E04 /* Build configuration list for PBXNativeTarget "SatakeInputTests" */;
			buildPhases = (
				587E45121B4E5D70009F0E04 /* Sources */,
				587E45131B4E5D70009F0E04 /* Frameworks */,
				587E45141B4E5D70009F0E04 /* Resources */,
			);
			buildRules = (
			);
			dependencies = (
				587E45181B4E5D70009F0E04 /* PBXTargetDependency */,
			);
			name = SatakeInputTests;
			productName = SatakeInputTests;
			productReference = 587E45161B4E5D70009F0E04 /* SatakeInputTests.xctest */;
			productType = "com.apple.product-type.bundle.unit-test";
		};
/* End PBXNativeTarget section */

/* Begin PBXProject section */
		587E44FC1B4E5D70009F0E04 /* Project object */ = {
			isa = PBXProject;
			attributes = {
				LastUpgradeCheck = 0630;
				ORGANIZATIONNAME = stk;
				TargetAttributes = {
					587E45031B4E5D70009F0E04 = {
						CreatedOnToolsVersion = 6.3.2;
					};
					587E45151B4E5D70009F0E04 = {
						CreatedOnToolsVersion = 6.3.2;
						TestTargetID = 587E45031B4E5D70009F0E04;
					};
				};
			};
			buildConfigurationList = 587E44FF1B4E5D70009F0E04 /* Build configuration list for PBXProject "SatakeInput" */;
			compatibilityVersion = "Xcode 3.2";
			developmentRegion = English;
			hasScannedForEncodings = 0;
			knownRegions = (
				en,
				Base,
			);
			mainGroup = 587E44FB1B4E5D70009F0E04;
			productRefGroup = 587E45051B4E5D70009F0E04 /* Products */;
			projectDirPath = "";
			projectRoot = "";
			targets = (
				587E45031B4E5D70009F0E04 /* SatakeInput */,
				587E45151B4E5D70009F0E04 /* SatakeInputTests */,
			);
		};
/* End PBXProject section */

/* Begin PBXResourcesBuildPhase section */
		587E45021B4E5D70009F0E04 /* Resources */ = {
			isa = PBXResourcesBuildPhase;
			buildActionMask = 2147483647;
			files = (
				5864530F1B5CBFEA00725EC1 /* SatakeInput-Info.plist in Resources */,
				5809BC751B4E620D007D7C0D /* icon.tiff in Resources */,
				587E450E1B4E5D70009F0E04 /* Images.xcassets in Resources */,
				5809BC711B4E60D1007D7C0D /* MainMenu.xib in Resources */,
			);
			runOnlyForDeploymentPostprocessing = 0;
		};
		587E45141B4E5D70009F0E04 /* Resources */ = {
			isa = PBXResourcesBuildPhase;
			buildActionMask = 2147483647;
			files = (
			);
			runOnlyForDeploymentPostprocessing = 0;
		};
/* End PBXResourcesBuildPhase section */

/* Begin PBXShellScriptBuildPhase section */
		587E45261B4E5E74009F0E04 /* ShellScript */ = {
			isa = PBXShellScriptBuildPhase;
			buildActionMask = 2147483647;
			files = (
			);
			inputPaths = (
			);
			outputPaths = (
			);
			runOnlyForDeploymentPostprocessing = 0;
			shellPath = /bin/sh;
			shellScript = "cp -r $BUILD_DIR/debug/SatakeInput.app /Users/stk/Library/Input\\ Methods";
		};
/* End PBXShellScriptBuildPhase section */

/* Begin PBXSourcesBuildPhase section */
		587E45001B4E5D70009F0E04 /* Sources */ = {
			isa = PBXSourcesBuildPhase;
			buildActionMask = 2147483647;
			files = (
				587E45281B4E5F9E009F0E04 /* SatakeInputController.swift in Sources */,
				587E450C1B4E5D70009F0E04 /* ViewController.swift in Sources */,
				5809BC781B4E731B007D7C0D /* main.swift in Sources */,
				587E450A1B4E5D70009F0E04 /* AppDelegate.swift in Sources */,
			);
			runOnlyForDeploymentPostprocessing = 0;
		};
		587E45121B4E5D70009F0E04 /* Sources */ = {
			isa = PBXSourcesBuildPhase;
			buildActionMask = 2147483647;
			files = (
				587E451D1B4E5D70009F0E04 /* SatakeInputTests.swift in Sources */,
			);
			runOnlyForDeploymentPostprocessing = 0;
		};
/* End PBXSourcesBuildPhase section */

/* Begin PBXTargetDependency section */
		587E45181B4E5D70009F0E04 /* PBXTargetDependency */ = {
			isa = PBXTargetDependency;
			target = 587E45031B4E5D70009F0E04 /* SatakeInput */;
			targetProxy = 587E45171B4E5D70009F0E04 /* PBXContainerItemProxy */;
		};
/* End PBXTargetDependency section */

/* Begin XCBuildConfiguration section */
		587E451E1B4E5D70009F0E04 /* Debug */ = {
			isa = XCBuildConfiguration;
			buildSettings = {
				ALWAYS_SEARCH_USER_PATHS = NO;
				CLANG_CXX_LANGUAGE_STANDARD = "gnu++0x";
				CLANG_CXX_LIBRARY = "libc++";
				CLANG_ENABLE_MODULES = YES;
				CLANG_ENABLE_OBJC_ARC = YES;
				CLANG_WARN_BOOL_CONVERSION = YES;
				CLANG_WARN_CONSTANT_CONVERSION = YES;
				CLANG_WARN_DIRECT_OBJC_ISA_USAGE = YES_ERROR;
				CLANG_WARN_EMPTY_BODY = YES;
				CLANG_WARN_ENUM_CONVERSION = YES;
				CLANG_WARN_INT_CONVERSION = YES;
				CLANG_WARN_OBJC_ROOT_CLASS = YES_ERROR;
				CLANG_WARN_UNREACHABLE_CODE = YES;
				CLANG_WARN__DUPLICATE_METHOD_MATCH = YES;
				CODE_SIGN_IDENTITY = "-";
				COPY_PHASE_STRIP = NO;
				DEBUG_INFORMATION_FORMAT = dwarf;
				ENABLE_STRICT_OBJC_MSGSEND = YES;
				GCC_C_LANGUAGE_STANDARD = gnu99;
				GCC_DYNAMIC_NO_PIC = NO;
				GCC_NO_COMMON_BLOCKS = YES;
				GCC_OPTIMIZATION_LEVEL = 0;
				GCC_PREPROCESSOR_DEFINITIONS = (
					"DEBUG=1",
					"$(inherited)",
				);
				GCC_SYMBOLS_PRIVATE_EXTERN = NO;
				GCC_WARN_64_TO_32_BIT_CONVERSION = YES;
				GCC_WARN_ABOUT_RETURN_TYPE = YES_ERROR;
				GCC_WARN_UNDECLARED_SELECTOR = YES;
				GCC_WARN_UNINITIALIZED_AUTOS = YES_AGGRESSIVE;
				GCC_WARN_UNUSED_FUNCTION = YES;
				GCC_WARN_UNUSED_VARIABLE = YES;
				MACOSX_DEPLOYMENT_TARGET = 10.10;
				MTL_ENABLE_DEBUG_INFO = YES;
				ONLY_ACTIVE_ARCH = YES;
				SDKROOT = macosx;
				SWIFT_OPTIMIZATION_LEVEL = "-Onone";
			};
			name = Debug;
		};
		587E451F1B4E5D70009F0E04 /* Release */ = {
			isa = XCBuildConfiguration;
			buildSettings = {
				ALWAYS_SEARCH_USER_PATHS = NO;
				CLANG_CXX_LANGUAGE_STANDARD = "gnu++0x";
				CLANG_CXX_LIBRARY = "libc++";
				CLANG_ENABLE_MODULES = YES;
				CLANG_ENABLE_OBJC_ARC = YES;
				CLANG_WARN_BOOL_CONVERSION = YES;
				CLANG_WARN_CONSTANT_CONVERSION = YES;
				CLANG_WARN_DIRECT_OBJC_ISA_USAGE = YES_ERROR;
				CLANG_WARN_EMPTY_BODY = YES;
				CLANG_WARN_ENUM_CONVERSION = YES;
				CLANG_WARN_INT_CONVERSION = YES;
				CLANG_WARN_OBJC_ROOT_CLASS = YES_ERROR;
				CLANG_WARN_UNREACHABLE_CODE = YES;
				CLANG_WARN__DUPLICATE_METHOD_MATCH = YES;
				CODE_SIGN_IDENTITY = "-";
				COPY_PHASE_STRIP = NO;
				DEBUG_INFORMATION_FORMAT = "dwarf-with-dsym";
				ENABLE_NS_ASSERTIONS = NO;
				ENABLE_STRICT_OBJC_MSGSEND = YES;
				GCC_C_LANGUAGE_STANDARD = gnu99;
				GCC_NO_COMMON_BLOCKS = YES;
				GCC_WARN_64_TO_32_BIT_CONVERSION = YES;
				GCC_WARN_ABOUT_RETURN_TYPE = YES_ERROR;
				GCC_WARN_UNDECLARED_SELECTOR = YES;
				GCC_WARN_UNINITIALIZED_AUTOS = YES_AGGRESSIVE;
				GCC_WARN_UNUSED_FUNCTION = YES;
				GCC_WARN_UNUSED_VARIABLE = YES;
				MACOSX_DEPLOYMENT_TARGET = 10.10;
				MTL_ENABLE_DEBUG_INFO = NO;
				SDKROOT = macosx;
			};
			name = Release;
		};
		587E45211B4E5D70009F0E04 /* Debug */ = {
			isa = XCBuildConfiguration;
			buildSettings = {
				ASSETCATALOG_COMPILER_APPICON_NAME = AppIcon;
				COMBINE_HIDPI_IMAGES = YES;
				INFOPLIST_FILE = "$(SRCROOT)/SatakeInput/SatakeInput-Info.plist";
				LD_RUNPATH_SEARCH_PATHS = "$(inherited) @executable_path/../Frameworks";
				PRODUCT_NAME = "$(TARGET_NAME)";
			};
			name = Debug;
		};
		587E45221B4E5D70009F0E04 /* Release */ = {
			isa = XCBuildConfiguration;
			buildSettings = {
				ASSETCATALOG_COMPILER_APPICON_NAME = AppIcon;
				COMBINE_HIDPI_IMAGES = YES;
				INFOPLIST_FILE = "$(SRCROOT)/SatakeInput/SatakeInput-Info.plist";
				LD_RUNPATH_SEARCH_PATHS = "$(inherited) @executable_path/../Frameworks";
				PRODUCT_NAME = "$(TARGET_NAME)";
			};
			name = Release;
		};
		587E45241B4E5D70009F0E04 /* Debug */ = {
			isa = XCBuildConfiguration;
			buildSettings = {
				BUNDLE_LOADER = "$(TEST_HOST)";
				COMBINE_HIDPI_IMAGES = YES;
				FRAMEWORK_SEARCH_PATHS = (
					"$(DEVELOPER_FRAMEWORKS_DIR)",
					"$(inherited)",
				);
				GCC_PREPROCESSOR_DEFINITIONS = (
					"DEBUG=1",
					"$(inherited)",
				);
				INFOPLIST_FILE = SatakeInputTests/Info.plist;
				LD_RUNPATH_SEARCH_PATHS = "$(inherited) @executable_path/../Frameworks @loader_path/../Frameworks";
				PRODUCT_NAME = "$(TARGET_NAME)";
				TEST_HOST = "$(BUILT_PRODUCTS_DIR)/SatakeInput.app/Contents/MacOS/SatakeInput";
			};
			name = Debug;
		};
		587E45251B4E5D70009F0E04 /* Release */ = {
			isa = XCBuildConfiguration;
			buildSettings = {
				BUNDLE_LOADER = "$(TEST_HOST)";
				COMBINE_HIDPI_IMAGES = YES;
				FRAMEWORK_SEARCH_PATHS = (
					"$(DEVELOPER_FRAMEWORKS_DIR)",
					"$(inherited)",
				);
				INFOPLIST_FILE = SatakeInputTests/Info.plist;
				LD_RUNPATH_SEARCH_PATHS = "$(inherited) @executable_path/../Frameworks @loader_path/../Frameworks";
				PRODUCT_NAME = "$(TARGET_NAME)";
				TEST_HOST = "$(BUILT_PRODUCTS_DIR)/SatakeInput.app/Contents/MacOS/SatakeInput";
			};
			name = Release;
		};
/* End XCBuildConfiguration section */

/* Begin XCConfigurationList section */
		587E44FF1B4E5D70009F0E04 /* Build configuration list for PBXProject "SatakeInput" */ = {
			isa = XCConfigurationList;
			buildConfigurations = (
				587E451E1B4E5D70009F0E04 /* Debug */,
				587E451F1B4E5D70009F0E04 /* Release */,
			);
			defaultConfigurationIsVisible = 0;
			defaultConfigurationName = Release;
		};
		587E45201B4E5D70009F0E04 /* Build configuration list for PBXNativeTarget "SatakeInput" */ = {
			isa = XCConfigurationList;
			buildConfigurations = (
				587E45211B4E5D70009F0E04 /* Debug */,
				587E45221B4E5D70009F0E04 /* Release */,
			);
			defaultConfigurationIsVisible = 0;
			defaultConfigurationName = Release;
		};
		587E45231B4E5D70009F0E04 /* Build configuration list for PBXNativeTarget "SatakeInputTests" */ = {
			isa = XCConfigurationList;
			buildConfigurations = (
				587E45241B4E5D70009F0E04 /* Debug */,
				587E45251B4E5D70009F0E04 /* Release */,
			);
			defaultConfigurationIsVisible = 0;
			defaultConfigurationName = Release;
		};
/* End XCConfigurationList section */
	};
	rootObject = 587E44FC1B4E5D70009F0E04 /* Project object */;
}
